<?xml version="1.0" encoding="utf-8"?>
<Project ToolsVersion="4.0" xmlns="http://schemas.microsoft.com/developer/msbuild/2003">
  <ItemGroup>
    <ClCompile Include="..\..\src\ft2_about.c" />
    <ClCompile Include="..\..\src\ft2_audio.c" />
    <ClCompile Include="..\..\src\ft2_audioselector.c" />
    <ClCompile Include="..\..\src\ft2_bmp.c" />
    <ClCompile Include="..\..\src\ft2_checkboxes.c" />
    <ClCompile Include="..\..\src\ft2_config.c" />
    <ClCompile Include="..\..\src\ft2_edit.c" />
    <ClCompile Include="..\..\src\ft2_events.c" />
    <ClCompile Include="..\..\src\ft2_gui.c" />
    <ClCompile Include="..\..\src\ft2_inst_ed.c" />
    <ClCompile Include="..\..\src\ft2_keyboard.c" />
    <ClCompile Include="..\..\src\ft2_main.c" />
    <ClCompile Include="..\..\src\ft2_midi.c" />
    <ClCompile Include="..\..\src\ft2_module_loader.c" />
    <ClCompile Include="..\..\src\ft2_module_saver.c" />
    <ClCompile Include="..\..\src\ft2_mouse.c" />
    <ClCompile Include="..\..\src\ft2_nibbles.c" />
    <ClCompile Include="..\..\src\ft2_palette.c" />
    <ClCompile Include="..\..\src\ft2_pattern_draw.c" />
    <ClCompile Include="..\..\src\ft2_pattern_ed.c" />
    <ClCompile Include="..\..\src\ft2_pushbuttons.c" />
    <ClCompile Include="..\..\src\ft2_radiobuttons.c" />
    <ClCompile Include="..\..\src\ft2_replayer.c" />
    <ClCompile Include="..\..\src\ft2_sample_ed.c" />
    <ClCompile Include="..\..\src\ft2_sample_ed_features.c" />
    <ClCompile Include="..\..\src\ft2_sample_loader.c" />
    <ClCompile Include="..\..\src\ft2_sample_saver.c" />
    <ClCompile Include="..\..\src\ft2_sampling.c" />
    <ClCompile Include="..\..\src\ft2_scrollbars.c" />
    <ClCompile Include="..\..\src\ft2_structs.c" />
    <ClCompile Include="..\..\src\ft2_sysreqs.c" />
    <ClCompile Include="..\..\src\ft2_tables.c" />
    <ClCompile Include="..\..\src\ft2_textboxes.c" />
    <ClCompile Include="..\..\src\ft2_trim.c" />
    <ClCompile Include="..\..\src\ft2_unicode.c" />
    <ClCompile Include="..\..\src\ft2_video.c" />
    <ClCompile Include="..\..\src\ft2_wav_renderer.c" />
    <ClCompile Include="..\..\src\rtmidi\RtMidi.cpp">
      <Filter>rtmidi</Filter>
    </ClCompile>
    <ClCompile Include="..\..\src\rtmidi\rtmidi_c.cpp">
      <Filter>rtmidi</Filter>
    </ClCompile>
    <ClCompile Include="..\..\src\gfxdata\ft2_bmp_fonts.c">
      <Filter>graphics</Filter>
    </ClCompile>
    <ClCompile Include="..\..\src\gfxdata\ft2_bmp_gui.c">
      <Filter>graphics</Filter>
    </ClCompile>
    <ClCompile Include="..\..\src\gfxdata\ft2_bmp_instr.c">
      <Filter>graphics</Filter>
    </ClCompile>
    <ClCompile Include="..\..\src\gfxdata\ft2_bmp_logo.c">
      <Filter>graphics</Filter>
    </ClCompile>
    <ClCompile Include="..\..\src\gfxdata\ft2_bmp_looppins.c">
      <Filter>graphics</Filter>
    </ClCompile>
    <ClCompile Include="..\..\src\gfxdata\ft2_bmp_midi.c">
      <Filter>graphics</Filter>
    </ClCompile>
    <ClCompile Include="..\..\src\gfxdata\ft2_bmp_mouse.c">
      <Filter>graphics</Filter>
    </ClCompile>
    <ClCompile Include="..\..\src\gfxdata\ft2_bmp_nibbles.c">
      <Filter>graphics</Filter>
    </ClCompile>
    <ClCompile Include="..\..\src\gfxdata\ft2_bmp_scopes.c">
      <Filter>graphics</Filter>
    </ClCompile>
    <ClCompile Include="..\..\src\mixer\ft2_mix.c">
      <Filter>mixer</Filter>
    </ClCompile>
    <ClCompile Include="..\..\src\mixer\ft2_silence_mix.c">
      <Filter>mixer</Filter>
    </ClCompile>
    <ClCompile Include="..\..\src\modloaders\ft2_load_mod.c">
      <Filter>modloaders</Filter>
    </ClCompile>
    <ClCompile Include="..\..\src\modloaders\ft2_load_s3m.c">
      <Filter>modloaders</Filter>
    </ClCompile>
    <ClCompile Include="..\..\src\modloaders\ft2_load_stm.c">
      <Filter>modloaders</Filter>
    </ClCompile>
    <ClCompile Include="..\..\src\modloaders\ft2_load_xm.c">
      <Filter>modloaders</Filter>
    </ClCompile>
    <ClCompile Include="..\..\src\modloaders\ft2_load_stk.c">
      <Filter>modloaders</Filter>
    </ClCompile>
    <ClCompile Include="..\..\src\modloaders\ft2_load_digi.c">
      <Filter>modloaders</Filter>
    </ClCompile>
    <ClCompile Include="..\..\src\smploaders\ft2_load_raw.c">
      <Filter>smploaders</Filter>
    </ClCompile>
    <ClCompile Include="..\..\src\smploaders\ft2_load_iff.c">
      <Filter>smploaders</Filter>
    </ClCompile>
    <ClCompile Include="..\..\src\smploaders\ft2_load_aiff.c">
      <Filter>smploaders</Filter>
    </ClCompile>
    <ClCompile Include="..\..\src\smploaders\ft2_load_wav.c">
      <Filter>smploaders</Filter>
    </ClCompile>
    <ClCompile Include="..\..\src\smploaders\ft2_load_flac.c">
      <Filter>smploaders</Filter>
    </ClCompile>
    <ClCompile Include="..\..\src\libflac\bitmath.c">
      <Filter>libflac</Filter>
    </ClCompile>
    <ClCompile Include="..\..\src\libflac\bitreader.c">
      <Filter>libflac</Filter>
    </ClCompile>
    <ClCompile Include="..\..\src\libflac\crc.c">
      <Filter>libflac</Filter>
    </ClCompile>
    <ClCompile Include="..\..\src\libflac\fixed.c">
      <Filter>libflac</Filter>
    </ClCompile>
    <ClCompile Include="..\..\src\libflac\format.c">
      <Filter>libflac</Filter>
    </ClCompile>
    <ClCompile Include="..\..\src\libflac\lpc.c">
      <Filter>libflac</Filter>
    </ClCompile>
    <ClCompile Include="..\..\src\libflac\md5.c">
      <Filter>libflac</Filter>
    </ClCompile>
    <ClCompile Include="..\..\src\libflac\memory.c">
      <Filter>libflac</Filter>
    </ClCompile>
    <ClCompile Include="..\..\src\libflac\metadata_iterators.c">
      <Filter>libflac</Filter>
    </ClCompile>
    <ClCompile Include="..\..\src\libflac\metadata_object.c">
      <Filter>libflac</Filter>
    </ClCompile>
    <ClCompile Include="..\..\src\libflac\stream_decoder.c">
      <Filter>libflac</Filter>
    </ClCompile>
    <ClCompile Include="..\..\src\libflac\window.c">
      <Filter>libflac</Filter>
    </ClCompile>
    <ClCompile Include="..\..\src\ft2_help.c" />
    <ClCompile Include="..\..\src\libflac\windows_unicode_filenames.c">
      <Filter>libflac</Filter>
    </ClCompile>
    <ClCompile Include="..\..\src\scopes\ft2_scopedraw.c">
      <Filter>scopes</Filter>
    </ClCompile>
    <ClCompile Include="..\..\src\scopes\ft2_scopes.c">
      <Filter>scopes</Filter>
    </ClCompile>
    <ClCompile Include="..\..\src\ft2_hpc.c" />
    <ClCompile Include="..\..\src\modloaders\ft2_load_bem.c">
      <Filter>modloaders</Filter>
    </ClCompile>
    <ClCompile Include="..\..\src\ft2_diskop.c" />
    <ClCompile Include="..\..\src\smploaders\ft2_load_brr.c">
      <Filter>smploaders</Filter>
    </ClCompile>
    <ClCompile Include="..\..\src\modloaders\ft2_load_it.c">
      <Filter>modloaders</Filter>
    </ClCompile>
    <ClCompile Include="..\..\src\ft2_random.c" />
    <ClCompile Include="..\..\src\ft2_smpfx.c" />
    <ClCompile Include="..\..\src\mixer\ft2_mix_interpolation.c">
      <Filter>mixer</Filter>
    </ClCompile>
  </ItemGroup>
  <ItemGroup>
    <ClInclude Include="..\..\src\rtmidi\RtMidi.h">
      <Filter>rtmidi</Filter>
    </ClInclude>
    <ClInclude Include="..\..\src\rtmidi\rtmidi_c.h">
      <Filter>rtmidi</Filter>
    </ClInclude>
    <ClInclude Include="..\..\src\ft2_about.h">
      <Filter>headers</Filter>
    </ClInclude>
    <ClInclude Include="..\..\src\ft2_audio.h">
      <Filter>headers</Filter>
    </ClInclude>
    <ClInclude Include="..\..\src\ft2_audioselector.h">
      <Filter>headers</Filter>
    </ClInclude>
    <ClInclude Include="..\..\src\ft2_bmp.h">
      <Filter>headers</Filter>
    </ClInclude>
    <ClInclude Include="..\..\src\ft2_checkboxes.h">
      <Filter>headers</Filter>
    </ClInclude>
    <ClInclude Include="..\..\src\ft2_config.h">
      <Filter>headers</Filter>
    </ClInclude>
    <ClInclude Include="..\..\src\ft2_diskop.h">
      <Filter>headers</Filter>
    </ClInclude>
    <ClInclude Include="..\..\src\ft2_edit.h">
      <Filter>headers</Filter>
    </ClInclude>
    <ClInclude Include="..\..\src\ft2_events.h">
      <Filter>headers</Filter>
    </ClInclude>
    <ClInclude Include="..\..\src\ft2_gfxdata.h">
      <Filter>headers</Filter>
    </ClInclude>
    <ClInclude Include="..\..\src\ft2_gui.h">
      <Filter>headers</Filter>
    </ClInclude>
    <ClInclude Include="..\..\src\ft2_header.h">
      <Filter>headers</Filter>
    </ClInclude>
    <ClInclude Include="..\..\src\ft2_help.h">
      <Filter>headers</Filter>
    </ClInclude>
    <ClInclude Include="..\..\src\ft2_inst_ed.h">
      <Filter>headers</Filter>
    </ClInclude>
    <ClInclude Include="..\..\src\ft2_keyboard.h">
      <Filter>headers</Filter>
    </ClInclude>
    <ClInclude Include="..\..\src\ft2_midi.h">
      <Filter>headers</Filter>
    </ClInclude>
    <ClInclude Include="..\..\src\ft2_module_loader.h">
      <Filter>headers</Filter>
    </ClInclude>
    <ClInclude Include="..\..\src\ft2_module_saver.h">
      <Filter>headers</Filter>
    </ClInclude>
    <ClInclude Include="..\..\src\ft2_mouse.h">
      <Filter>headers</Filter>
    </ClInclude>
    <ClInclude Include="..\..\src\ft2_nibbles.h">
      <Filter>headers</Filter>
    </ClInclude>
    <ClInclude Include="..\..\src\ft2_palette.h">
      <Filter>headers</Filter>
    </ClInclude>
    <ClInclude Include="..\..\src\ft2_pattern_draw.h">
      <Filter>headers</Filter>
    </ClInclude>
    <ClInclude Include="..\..\src\ft2_pattern_ed.h">
      <Filter>headers</Filter>
    </ClInclude>
    <ClInclude Include="..\..\src\ft2_pushbuttons.h">
      <Filter>headers</Filter>
    </ClInclude>
    <ClInclude Include="..\..\src\ft2_radiobuttons.h">
      <Filter>headers</Filter>
    </ClInclude>
    <ClInclude Include="..\..\src\ft2_replayer.h">
      <Filter>headers</Filter>
    </ClInclude>
    <ClInclude Include="..\..\src\ft2_sample_ed.h">
      <Filter>headers</Filter>
    </ClInclude>
    <ClInclude Include="..\..\src\ft2_sample_ed_features.h">
      <Filter>headers</Filter>
    </ClInclude>
    <ClInclude Include="..\..\src\ft2_sample_loader.h">
      <Filter>headers</Filter>
    </ClInclude>
    <ClInclude Include="..\..\src\ft2_sample_saver.h">
      <Filter>headers</Filter>
    </ClInclude>
    <ClInclude Include="..\..\src\ft2_sampling.h">
      <Filter>headers</Filter>
    </ClInclude>
    <ClInclude Include="..\..\src\ft2_scrollbars.h">
      <Filter>headers</Filter>
    </ClInclude>
    <ClInclude Include="..\..\src\ft2_structs.h">
      <Filter>headers</Filter>
    </ClInclude>
    <ClInclude Include="..\..\src\ft2_sysreqs.h">
      <Filter>headers</Filter>
    </ClInclude>
    <ClInclude Include="..\..\src\ft2_tables.h">
      <Filter>headers</Filter>
    </ClInclude>
    <ClInclude Include="..\..\src\ft2_textboxes.h">
      <Filter>headers</Filter>
    </ClInclude>
    <ClInclude Include="..\..\src\ft2_trim.h">
      <Filter>headers</Filter>
    </ClInclude>
    <ClInclude Include="..\..\src\ft2_video.h">
      <Filter>headers</Filter>
    </ClInclude>
    <ClInclude Include="..\..\src\ft2_wav_renderer.h">
      <Filter>headers</Filter>
    </ClInclude>
    <ClInclude Include="..\..\src\mixer\ft2_mix.h">
      <Filter>mixer</Filter>
    </ClInclude>
    <ClInclude Include="..\..\src\mixer\ft2_mix_macros.h">
      <Filter>mixer</Filter>
    </ClInclude>
    <ClInclude Include="..\..\src\mixer\ft2_silence_mix.h">
      <Filter>mixer</Filter>
    </ClInclude>
    <ClInclude Include="..\..\src\scopes\ft2_scope_macros.h">
      <Filter>scopes</Filter>
    </ClInclude>
    <ClInclude Include="..\..\src\scopes\ft2_scopedraw.h">
      <Filter>scopes</Filter>
    </ClInclude>
    <ClInclude Include="..\..\src\scopes\ft2_scopes.h">
      <Filter>scopes</Filter>
    </ClInclude>
    <ClInclude Include="..\..\src\ft2_hpc.h">
      <Filter>headers</Filter>
    </ClInclude>
    <ClInclude Include="..\..\src\ft2_unicode.h">
      <Filter>headers</Filter>
    </ClInclude>
    <ClInclude Include="..\..\src\ft2_random.h">
      <Filter>headers</Filter>
    </ClInclude>
    <ClInclude Include="..\..\src\ft2_smpfx.h">
      <Filter>headers</Filter>
    </ClInclude>
    <ClInclude Include="..\..\src\mixer\ft2_mix_interpolation.h">
      <Filter>mixer</Filter>
    </ClInclude>
  </ItemGroup>
  <ItemGroup>
    <Filter Include="mixer">
      <UniqueIdentifier>{5c40c417-c4bb-4cf2-b71b-c557bf0a86cd}</UniqueIdentifier>
    </Filter>
    <Filter Include="modloaders">
      <UniqueIdentifier>{9948839a-30e1-4ef0-a25a-e88002c0ace3}</UniqueIdentifier>
    </Filter>
    <Filter Include="smploaders">
      <UniqueIdentifier>{62e7f7c0-f7ae-4b85-bd62-2c83f74e3953}</UniqueIdentifier>
    </Filter>
    <Filter Include="rtmidi">
      <UniqueIdentifier>{95e882a1-e589-4684-a3cb-48e0a1d073aa}</UniqueIdentifier>
    </Filter>
    <Filter Include="libflac">
      <UniqueIdentifier>{13e9047f-28ee-414f-9e23-4ad54deb281e}</UniqueIdentifier>
    </Filter>
    <Filter Include="scopes">
      <UniqueIdentifier>{8ac888cf-e1a5-4633-bcca-240a8eae2e23}</UniqueIdentifier>
    </Filter>
    <Filter Include="headers">
      <UniqueIdentifier>{559f399e-331e-4688-8a7d-328ca6739456}</UniqueIdentifier>
    </Filter>
    <Filter Include="graphics">
      <UniqueIdentifier>{c6fad604-509b-4072-b181-d47835f08428}</UniqueIdentifier>
    </Filter>
  </ItemGroup>
  <ItemGroup>
    <ResourceCompile Include="..\..\src\ft2-clone.rc" />
  </ItemGroup>
</Project>